// !$*UTF8*$!
{
	archiveVersion = 1;
	classes = {
	};
	objectVersion = 50;
	objects = {

/* Begin PBXBuildFile section */
		DB5C8F22260D9E0700B90179 /* IntentViewController.swift in Sources */ = {isa = PBXBuildFile; fileRef = DB71D17C2605FB6E001540BE /* IntentViewController.swift */; };
		DB5C8F26260D9E0700B90179 /* IntentViewController.swift in Sources */ = {isa = PBXBuildFile; fileRef = DB71D17C2605FB6E001540BE /* IntentViewController.swift */; };
		DB71D16F2605FB6E001540BE /* Intents.framework in Frameworks */ = {isa = PBXBuildFile; fileRef = DB71D16E2605FB6E001540BE /* Intents.framework */; };
		DB71D1722605FB6E001540BE /* IntentHandler.swift in Sources */ = {isa = PBXBuildFile; fileRef = DB71D1712605FB6E001540BE /* IntentHandler.swift */; };
		DB71D17A2605FB6E001540BE /* IntentsUI.framework in Frameworks */ = {isa = PBXBuildFile; fileRef = DB71D1792605FB6E001540BE /* IntentsUI.framework */; };
		DB71D17D2605FB6E001540BE /* IntentViewController.swift in Sources */ = {isa = PBXBuildFile; fileRef = DB71D17C2605FB6E001540BE /* IntentViewController.swift */; };
		DB71D1802605FB6E001540BE /* MainInterface.storyboard in Resources */ = {isa = PBXBuildFile; fileRef = DB71D17E2605FB6E001540BE /* MainInterface.storyboard */; };
		DB71D1842605FB6E001540BE /* ShortCutIntentUI.appex in Embed App Extensions */ = {isa = PBXBuildFile; fileRef = DB71D1782605FB6E001540BE /* ShortCutIntentUI.appex */; settings = {ATTRIBUTES = (RemoveHeadersOnCopy, ); }; };
		DB71D1872605FB6E001540BE /* ShortCutIntent.appex in Embed App Extensions */ = {isa = PBXBuildFile; fileRef = DB71D16C2605FB6E001540BE /* ShortCutIntent.appex */; settings = {ATTRIBUTES = (RemoveHeadersOnCopy, ); }; };
		DB71D1932605FBC6001540BE /* Intents.intentdefinition in Sources */ = {isa = PBXBuildFile; fileRef = DB71D1922605FBC6001540BE /* Intents.intentdefinition */; };
		DB71D1942605FBC6001540BE /* Intents.intentdefinition in Sources */ = {isa = PBXBuildFile; fileRef = DB71D1922605FBC6001540BE /* Intents.intentdefinition */; };
		DB71D1952605FBC6001540BE /* Intents.intentdefinition in Sources */ = {isa = PBXBuildFile; fileRef = DB71D1922605FBC6001540BE /* Intents.intentdefinition */; };
		DB71D1AC260600BB001540BE /* IntentHandler.swift in Sources */ = {isa = PBXBuildFile; fileRef = DB71D1712605FB6E001540BE /* IntentHandler.swift */; };
		DB71D1B0260600BC001540BE /* IntentHandler.swift in Sources */ = {isa = PBXBuildFile; fileRef = DB71D1712605FB6E001540BE /* IntentHandler.swift */; };
		DB71D1B4260600CC001540BE /* ContentView.swift in Sources */ = {isa = PBXBuildFile; fileRef = DB99D29B25FA0E7C00166CB2 /* ContentView.swift */; };
		DB71D1B8260600CC001540BE /* ContentView.swift in Sources */ = {isa = PBXBuildFile; fileRef = DB99D29B25FA0E7C00166CB2 /* ContentView.swift */; };
		DB71D1BC260600CF001540BE /* __App.swift in Sources */ = {isa = PBXBuildFile; fileRef = DB99D29925FA0E7C00166CB2 /* __App.swift */; };
		DB71D1C0260600D0001540BE /* __App.swift in Sources */ = {isa = PBXBuildFile; fileRef = DB99D29925FA0E7C00166CB2 /* __App.swift */; };
		DB71D1C8260600D4001540BE /* Data.swift in Sources */ = {isa = PBXBuildFile; fileRef = DB99D2A925FA1AE600166CB2 /* Data.swift */; };
		DB71D1C9260600D5001540BE /* Data.swift in Sources */ = {isa = PBXBuildFile; fileRef = DB99D2A925FA1AE600166CB2 /* Data.swift */; };
		DB71D1E22607141A001540BE /* AskQuestionIntentHandler.swift in Sources */ = {isa = PBXBuildFile; fileRef = DB71D1E12607141A001540BE /* AskQuestionIntentHandler.swift */; };
		DB71D1E32607141A001540BE /* AskQuestionIntentHandler.swift in Sources */ = {isa = PBXBuildFile; fileRef = DB71D1E12607141A001540BE /* AskQuestionIntentHandler.swift */; };
		DB71D1E42607141A001540BE /* AskQuestionIntentHandler.swift in Sources */ = {isa = PBXBuildFile; fileRef = DB71D1E12607141A001540BE /* AskQuestionIntentHandler.swift */; };
		DB99D29A25FA0E7C00166CB2 /* __App.swift in Sources */ = {isa = PBXBuildFile; fileRef = DB99D29925FA0E7C00166CB2 /* __App.swift */; };
		DB99D29C25FA0E7C00166CB2 /* ContentView.swift in Sources */ = {isa = PBXBuildFile; fileRef = DB99D29B25FA0E7C00166CB2 /* ContentView.swift */; };
		DB99D29E25FA0E7E00166CB2 /* Assets.xcassets in Resources */ = {isa = PBXBuildFile; fileRef = DB99D29D25FA0E7E00166CB2 /* Assets.xcassets */; };
		DB99D2A125FA0E7E00166CB2 /* Preview Assets.xcassets in Resources */ = {isa = PBXBuildFile; fileRef = DB99D2A025FA0E7E00166CB2 /* Preview Assets.xcassets */; };
		DB99D2AA25FA1AE600166CB2 /* Data.swift in Sources */ = {isa = PBXBuildFile; fileRef = DB99D2A925FA1AE600166CB2 /* Data.swift */; };
/* End PBXBuildFile section */

/* Begin PBXContainerItemProxy section */
		DB71D1822605FB6E001540BE /* PBXContainerItemProxy */ = {
			isa = PBXContainerItemProxy;
			containerPortal = DB99D28E25FA0E7C00166CB2 /* Project object */;
			proxyType = 1;
			remoteGlobalIDString = DB71D1772605FB6E001540BE;
			remoteInfo = ShortCutIntentUI;
		};
		DB71D1852605FB6E001540BE /* PBXContainerItemProxy */ = {
			isa = PBXContainerItemProxy;
			containerPortal = DB99D28E25FA0E7C00166CB2 /* Project object */;
			proxyType = 1;
			remoteGlobalIDString = DB71D16B2605FB6E001540BE;
			remoteInfo = ShortCutIntent;
		};
/* End PBXContainerItemProxy section */

/* Begin PBXCopyFilesBuildPhase section */
		DB71D18E2605FB6E001540BE /* Embed App Extensions */ = {
			isa = PBXCopyFilesBuildPhase;
			buildActionMask = 2147483647;
			dstPath = "";
			dstSubfolderSpec = 13;
			files = (
				DB71D1872605FB6E001540BE /* ShortCutIntent.appex in Embed App Extensions */,
				DB71D1842605FB6E001540BE /* ShortCutIntentUI.appex in Embed App Extensions */,
			);
			name = "Embed App Extensions";
			runOnlyForDeploymentPostprocessing = 0;
		};
/* End PBXCopyFilesBuildPhase section */

/* Begin PBXFileReference section */
		DB71D1662605FAF8001540BE /* 弟弟.entitlements */ = {isa = PBXFileReference; lastKnownFileType = text.plist.entitlements; path = "弟弟.entitlements"; sourceTree = "<group>"; };
		DB71D16C2605FB6E001540BE /* ShortCutIntent.appex */ = {isa = PBXFileReference; explicitFileType = "wrapper.app-extension"; includeInIndex = 0; path = ShortCutIntent.appex; sourceTree = BUILT_PRODUCTS_DIR; };
		DB71D16E2605FB6E001540BE /* Intents.framework */ = {isa = PBXFileReference; lastKnownFileType = wrapper.framework; name = Intents.framework; path = System/Library/Frameworks/Intents.framework; sourceTree = SDKROOT; };
		DB71D1712605FB6E001540BE /* IntentHandler.swift */ = {isa = PBXFileReference; lastKnownFileType = sourcecode.swift; path = IntentHandler.swift; sourceTree = "<group>"; };
		DB71D1732605FB6E001540BE /* Info.plist */ = {isa = PBXFileReference; lastKnownFileType = text.plist.xml; path = Info.plist; sourceTree = "<group>"; };
		DB71D1782605FB6E001540BE /* ShortCutIntentUI.appex */ = {isa = PBXFileReference; explicitFileType = "wrapper.app-extension"; includeInIndex = 0; path = ShortCutIntentUI.appex; sourceTree = BUILT_PRODUCTS_DIR; };
		DB71D1792605FB6E001540BE /* IntentsUI.framework */ = {isa = PBXFileReference; lastKnownFileType = wrapper.framework; name = IntentsUI.framework; path = System/Library/Frameworks/IntentsUI.framework; sourceTree = SDKROOT; };
		DB71D17C2605FB6E001540BE /* IntentViewController.swift */ = {isa = PBXFileReference; lastKnownFileType = sourcecode.swift; lineEnding = 0; path = IntentViewController.swift; sourceTree = "<group>"; wrapsLines = 0; };
		DB71D17F2605FB6E001540BE /* Base */ = {isa = PBXFileReference; lastKnownFileType = file.storyboard; name = Base; path = Base.lproj/MainInterface.storyboard; sourceTree = "<group>"; };
		DB71D1812605FB6E001540BE /* Info.plist */ = {isa = PBXFileReference; lastKnownFileType = text.plist.xml; path = Info.plist; sourceTree = "<group>"; };
		DB71D1922605FBC6001540BE /* Intents.intentdefinition */ = {isa = PBXFileReference; lastKnownFileType = file.intentdefinition; path = Intents.intentdefinition; sourceTree = "<group>"; };
		DB71D1992605FC9F001540BE /* ShortCutIntent.entitlements */ = {isa = PBXFileReference; lastKnownFileType = text.plist.entitlements; path = ShortCutIntent.entitlements; sourceTree = "<group>"; };
		DB71D1E12607141A001540BE /* AskQuestionIntentHandler.swift */ = {isa = PBXFileReference; lastKnownFileType = sourcecode.swift; path = AskQuestionIntentHandler.swift; sourceTree = "<group>"; };
		DB99D29625FA0E7C00166CB2 /* 弟弟.app */ = {isa = PBXFileReference; explicitFileType = wrapper.application; includeInIndex = 0; path = "弟弟.app"; sourceTree = BUILT_PRODUCTS_DIR; };
		DB99D29925FA0E7C00166CB2 /* __App.swift */ = {isa = PBXFileReference; lastKnownFileType = sourcecode.swift; path = __App.swift; sourceTree = "<group>"; };
		DB99D29B25FA0E7C00166CB2 /* ContentView.swift */ = {isa = PBXFileReference; lastKnownFileType = sourcecode.swift; path = ContentView.swift; sourceTree = "<group>"; };
		DB99D29D25FA0E7E00166CB2 /* Assets.xcassets */ = {isa = PBXFileReference; lastKnownFileType = folder.assetcatalog; path = Assets.xcassets; sourceTree = "<group>"; };
		DB99D2A025FA0E7E00166CB2 /* Preview Assets.xcassets */ = {isa = PBXFileReference; lastKnownFileType = folder.assetcatalog; path = "Preview Assets.xcassets"; sourceTree = "<group>"; };
		DB99D2A225FA0E7E00166CB2 /* Info.plist */ = {isa = PBXFileReference; lastKnownFileType = text.plist.xml; path = Info.plist; sourceTree = "<group>"; };
		DB99D2A925FA1AE600166CB2 /* Data.swift */ = {isa = PBXFileReference; lastKnownFileType = sourcecode.swift; path = Data.swift; sourceTree = "<group>"; };
/* End PBXFileReference section */

/* Begin PBXFrameworksBuildPhase section */
		DB71D1692605FB6E001540BE /* Frameworks */ = {
			isa = PBXFrameworksBuildPhase;
			buildActionMask = 2147483647;
			files = (
				DB71D16F2605FB6E001540BE /* Intents.framework in Frameworks */,
			);
			runOnlyForDeploymentPostprocessing = 0;
		};
		DB71D1752605FB6E001540BE /* Frameworks */ = {
			isa = PBXFrameworksBuildPhase;
			buildActionMask = 2147483647;
			files = (
				DB71D17A2605FB6E001540BE /* IntentsUI.framework in Frameworks */,
			);
			runOnlyForDeploymentPostprocessing = 0;
		};
		DB99D29325FA0E7C00166CB2 /* Frameworks */ = {
			isa = PBXFrameworksBuildPhase;
			buildActionMask = 2147483647;
			files = (
			);
			runOnlyForDeploymentPostprocessing = 0;
		};
/* End PBXFrameworksBuildPhase section */

/* Begin PBXGroup section */
		DB71D16D2605FB6E001540BE /* Frameworks */ = {
			isa = PBXGroup;
			children = (
				DB71D16E2605FB6E001540BE /* Intents.framework */,
				DB71D1792605FB6E001540BE /* IntentsUI.framework */,
			);
			name = Frameworks;
			sourceTree = "<group>";
		};
		DB71D1702605FB6E001540BE /* ShortCutIntent */ = {
			isa = PBXGroup;
			children = (
				DB71D1992605FC9F001540BE /* ShortCutIntent.entitlements */,
				DB71D1712605FB6E001540BE /* IntentHandler.swift */,
				DB71D1732605FB6E001540BE /* Info.plist */,
				DB71D1E12607141A001540BE /* AskQuestionIntentHandler.swift */,
			);
			path = ShortCutIntent;
			sourceTree = "<group>";
		};
		DB71D17B2605FB6E001540BE /* ShortCutIntentUI */ = {
			isa = PBXGroup;
			children = (
				DB71D17C2605FB6E001540BE /* IntentViewController.swift */,
				DB71D17E2605FB6E001540BE /* MainInterface.storyboard */,
				DB71D1812605FB6E001540BE /* Info.plist */,
			);
			path = ShortCutIntentUI;
			sourceTree = "<group>";
		};
		DB99D28D25FA0E7C00166CB2 = {
			isa = PBXGroup;
			children = (
				DB99D29825FA0E7C00166CB2 /* 弟弟 */,
				DB71D1702605FB6E001540BE /* ShortCutIntent */,
				DB71D17B2605FB6E001540BE /* ShortCutIntentUI */,
				DB71D16D2605FB6E001540BE /* Frameworks */,
				DB99D29725FA0E7C00166CB2 /* Products */,
			);
			sourceTree = "<group>";
		};
		DB99D29725FA0E7C00166CB2 /* Products */ = {
			isa = PBXGroup;
			children = (
				DB99D29625FA0E7C00166CB2 /* 弟弟.app */,
				DB71D16C2605FB6E001540BE /* ShortCutIntent.appex */,
				DB71D1782605FB6E001540BE /* ShortCutIntentUI.appex */,
			);
			name = Products;
			sourceTree = "<group>";
		};
		DB99D29825FA0E7C00166CB2 /* 弟弟 */ = {
			isa = PBXGroup;
			children = (
				DB71D1662605FAF8001540BE /* 弟弟.entitlements */,
				DB71D1922605FBC6001540BE /* Intents.intentdefinition */,
				DB99D29925FA0E7C00166CB2 /* __App.swift */,
				DB99D29B25FA0E7C00166CB2 /* ContentView.swift */,
				DB99D2A925FA1AE600166CB2 /* Data.swift */,
				DB99D29D25FA0E7E00166CB2 /* Assets.xcassets */,
				DB99D2A225FA0E7E00166CB2 /* Info.plist */,
				DB99D29F25FA0E7E00166CB2 /* Preview Content */,
			);
			path = "弟弟";
			sourceTree = "<group>";
		};
		DB99D29F25FA0E7E00166CB2 /* Preview Content */ = {
			isa = PBXGroup;
			children = (
				DB99D2A025FA0E7E00166CB2 /* Preview Assets.xcassets */,
			);
			path = "Preview Content";
			sourceTree = "<group>";
		};
/* End PBXGroup section */

/* Begin PBXNativeTarget section */
		DB71D16B2605FB6E001540BE /* ShortCutIntent */ = {
			isa = PBXNativeTarget;
			buildConfigurationList = DB71D18B2605FB6E001540BE /* Build configuration list for PBXNativeTarget "ShortCutIntent" */;
			buildPhases = (
				DB71D1682605FB6E001540BE /* Sources */,
				DB71D1692605FB6E001540BE /* Frameworks */,
				DB71D16A2605FB6E001540BE /* Resources */,
			);
			buildRules = (
			);
			dependencies = (
			);
			name = ShortCutIntent;
			productName = ShortCutIntent;
			productReference = DB71D16C2605FB6E001540BE /* ShortCutIntent.appex */;
			productType = "com.apple.product-type.app-extension";
		};
		DB71D1772605FB6E001540BE /* ShortCutIntentUI */ = {
			isa = PBXNativeTarget;
			buildConfigurationList = DB71D1882605FB6E001540BE /* Build configuration list for PBXNativeTarget "ShortCutIntentUI" */;
			buildPhases = (
				DB71D1742605FB6E001540BE /* Sources */,
				DB71D1752605FB6E001540BE /* Frameworks */,
				DB71D1762605FB6E001540BE /* Resources */,
			);
			buildRules = (
			);
			dependencies = (
			);
			name = ShortCutIntentUI;
			productName = ShortCutIntentUI;
			productReference = DB71D1782605FB6E001540BE /* ShortCutIntentUI.appex */;
			productType = "com.apple.product-type.app-extension";
		};
		DB99D29525FA0E7C00166CB2 /* 弟弟 */ = {
			isa = PBXNativeTarget;
			buildConfigurationList = DB99D2A525FA0E7E00166CB2 /* Build configuration list for PBXNativeTarget "弟弟" */;
			buildPhases = (
				DB99D29225FA0E7C00166CB2 /* Sources */,
				DB99D29325FA0E7C00166CB2 /* Frameworks */,
				DB99D29425FA0E7C00166CB2 /* Resources */,
				DB71D18E2605FB6E001540BE /* Embed App Extensions */,
			);
			buildRules = (
			);
			dependencies = (
				DB71D1832605FB6E001540BE /* PBXTargetDependency */,
				DB71D1862605FB6E001540BE /* PBXTargetDependency */,
			);
			name = "弟弟";
			productName = "弟弟";
			productReference = DB99D29625FA0E7C00166CB2 /* 弟弟.app */;
			productType = "com.apple.product-type.application";
		};
/* End PBXNativeTarget section */

/* Begin PBXProject section */
		DB99D28E25FA0E7C00166CB2 /* Project object */ = {
			isa = PBXProject;
			attributes = {
				LastSwiftUpdateCheck = 1240;
				LastUpgradeCheck = 1240;
				TargetAttributes = {
					DB71D16B2605FB6E001540BE = {
						CreatedOnToolsVersion = 12.4;
					};
					DB71D1772605FB6E001540BE = {
						CreatedOnToolsVersion = 12.4;
					};
					DB99D29525FA0E7C00166CB2 = {
						CreatedOnToolsVersion = 12.4;
					};
				};
			};
			buildConfigurationList = DB99D29125FA0E7C00166CB2 /* Build configuration list for PBXProject "弟弟" */;
			compatibilityVersion = "Xcode 9.3";
			developmentRegion = en;
			hasScannedForEncodings = 0;
			knownRegions = (
				en,
				Base,
			);
			mainGroup = DB99D28D25FA0E7C00166CB2;
			productRefGroup = DB99D29725FA0E7C00166CB2 /* Products */;
			projectDirPath = "";
			projectRoot = "";
			targets = (
				DB99D29525FA0E7C00166CB2 /* 弟弟 */,
				DB71D16B2605FB6E001540BE /* ShortCutIntent */,
				DB71D1772605FB6E001540BE /* ShortCutIntentUI */,
			);
		};
/* End PBXProject section */

/* Begin PBXResourcesBuildPhase section */
		DB71D16A2605FB6E001540BE /* Resources */ = {
			isa = PBXResourcesBuildPhase;
			buildActionMask = 2147483647;
			files = (
			);
			runOnlyForDeploymentPostprocessing = 0;
		};
		DB71D1762605FB6E001540BE /* Resources */ = {
			isa = PBXResourcesBuildPhase;
			buildActionMask = 2147483647;
			files = (
				DB71D1802605FB6E001540BE /* MainInterface.storyboard in Resources */,
			);
			runOnlyForDeploymentPostprocessing = 0;
		};
		DB99D29425FA0E7C00166CB2 /* Resources */ = {
			isa = PBXResourcesBuildPhase;
			buildActionMask = 2147483647;
			files = (
				DB99D2A125FA0E7E00166CB2 /* Preview Assets.xcassets in Resources */,
				DB99D29E25FA0E7E00166CB2 /* Assets.xcassets in Resources */,
			);
			runOnlyForDeploymentPostprocessing = 0;
		};
/* End PBXResourcesBuildPhase section */

/* Begin PBXSourcesBuildPhase section */
		DB71D1682605FB6E001540BE /* Sources */ = {
			isa = PBXSourcesBuildPhase;
			buildActionMask = 2147483647;
			files = (
				DB71D1E32607141A001540BE /* AskQuestionIntentHandler.swift in Sources */,
				DB71D1942605FBC6001540BE /* Intents.intentdefinition in Sources */,
				DB71D1C8260600D4001540BE /* Data.swift in Sources */,
				DB71D1BC260600CF001540BE /* __App.swift in Sources */,
				DB5C8F26260D9E0700B90179 /* IntentViewController.swift in Sources */,
				DB71D1722605FB6E001540BE /* IntentHandler.swift in Sources */,
				DB71D1B4260600CC001540BE /* ContentView.swift in Sources */,
			);
			runOnlyForDeploymentPostprocessing = 0;
		};
		DB71D1742605FB6E001540BE /* Sources */ = {
			isa = PBXSourcesBuildPhase;
			buildActionMask = 2147483647;
			files = (
				DB71D1C0260600D0001540BE /* __App.swift in Sources */,
				DB71D1C9260600D5001540BE /* Data.swift in Sources */,
				DB71D1952605FBC6001540BE /* Intents.intentdefinition in Sources */,
				DB71D1B0260600BC001540BE /* IntentHandler.swift in Sources */,
				DB71D1B8260600CC001540BE /* ContentView.swift in Sources */,
				DB71D1E42607141A001540BE /* AskQuestionIntentHandler.swift in Sources */,
				DB71D17D2605FB6E001540BE /* IntentViewController.swift in Sources */,
			);
			runOnlyForDeploymentPostprocessing = 0;
		};
		DB99D29225FA0E7C00166CB2 /* Sources */ = {
			isa = PBXSourcesBuildPhase;
			buildActionMask = 2147483647;
			files = (
				DB71D1E22607141A001540BE /* AskQuestionIntentHandler.swift in Sources */,
				DB99D29C25FA0E7C00166CB2 /* ContentView.swift in Sources */,
				DB71D1AC260600BB001540BE /* IntentHandler.swift in Sources */,
				DB99D2AA25FA1AE600166CB2 /* Data.swift in Sources */,
				DB5C8F22260D9E0700B90179 /* IntentViewController.swift in Sources */,
				DB71D1932605FBC6001540BE /* Intents.intentdefinition in Sources */,
				DB99D29A25FA0E7C00166CB2 /* __App.swift in Sources */,
			);
			runOnlyForDeploymentPostprocessing = 0;
		};
/* End PBXSourcesBuildPhase section */

/* Begin PBXTargetDependency section */
		DB71D1832605FB6E001540BE /* PBXTargetDependency */ = {
			isa = PBXTargetDependency;
			target = DB71D1772605FB6E001540BE /* ShortCutIntentUI */;
			targetProxy = DB71D1822605FB6E001540BE /* PBXContainerItemProxy */;
		};
		DB71D1862605FB6E001540BE /* PBXTargetDependency */ = {
			isa = PBXTargetDependency;
			target = DB71D16B2605FB6E001540BE /* ShortCutIntent */;
			targetProxy = DB71D1852605FB6E001540BE /* PBXContainerItemProxy */;
		};
/* End PBXTargetDependency section */

/* Begin PBXVariantGroup section */
		DB71D17E2605FB6E001540BE /* MainInterface.storyboard */ = {
			isa = PBXVariantGroup;
			children = (
				DB71D17F2605FB6E001540BE /* Base */,
			);
			name = MainInterface.storyboard;
			sourceTree = "<group>";
		};
/* End PBXVariantGroup section */

/* Begin XCBuildConfiguration section */
		DB71D1892605FB6E001540BE /* Debug */ = {
			isa = XCBuildConfiguration;
			buildSettings = {
				CODE_SIGN_STYLE = Automatic;
				DEVELOPMENT_TEAM = LA7MQSPPX7;
				INFOPLIST_FILE = ShortCutIntentUI/Info.plist;
				LD_RUNPATH_SEARCH_PATHS = (
					"$(inherited)",
					"@executable_path/Frameworks",
					"@executable_path/../../Frameworks",
				);
				PRODUCT_BUNDLE_IDENTIFIER = "com.example..--.ShortCutIntentUI";
				PRODUCT_NAME = "$(TARGET_NAME)";
				SKIP_INSTALL = YES;
				SWIFT_VERSION = 5.0;
				TARGETED_DEVICE_FAMILY = "1,2";
			};
			name = Debug;
		};
		DB71D18A2605FB6E001540BE /* Release */ = {
			isa = XCBuildConfiguration;
			buildSettings = {
				CODE_SIGN_STYLE = Automatic;
				DEVELOPMENT_TEAM = LA7MQSPPX7;
				INFOPLIST_FILE = ShortCutIntentUI/Info.plist;
				LD_RUNPATH_SEARCH_PATHS = (
					"$(inherited)",
					"@executable_path/Frameworks",
					"@executable_path/../../Frameworks",
				);
				PRODUCT_BUNDLE_IDENTIFIER = "com.example..--.ShortCutIntentUI";
				PRODUCT_NAME = "$(TARGET_NAME)";
				SKIP_INSTALL = YES;
				SWIFT_VERSION = 5.0;
				TARGETED_DEVICE_FAMILY = "1,2";
			};
			name = Release;
		};
		DB71D18C2605FB6E001540BE /* Debug */ = {
			isa = XCBuildConfiguration;
			buildSettings = {
				CODE_SIGN_ENTITLEMENTS = ShortCutIntent/ShortCutIntent.entitlements;
				CODE_SIGN_STYLE = Automatic;
				DEVELOPMENT_TEAM = LA7MQSPPX7;
				INFOPLIST_FILE = ShortCutIntent/Info.plist;
				LD_RUNPATH_SEARCH_PATHS = (
					"$(inherited)",
					"@executable_path/Frameworks",
					"@executable_path/../../Frameworks",
				);
				PRODUCT_BUNDLE_IDENTIFIER = "com.example..--.ShortCutIntent";
				PRODUCT_NAME = "$(TARGET_NAME)";
				SKIP_INSTALL = YES;
				SWIFT_VERSION = 5.0;
				TARGETED_DEVICE_FAMILY = "1,2";
			};
			name = Debug;
		};
		DB71D18D2605FB6E001540BE /* Release */ = {
			isa = XCBuildConfiguration;
			buildSettings = {
				CODE_SIGN_ENTITLEMENTS = ShortCutIntent/ShortCutIntent.entitlements;
				CODE_SIGN_STYLE = Automatic;
				DEVELOPMENT_TEAM = LA7MQSPPX7;
				INFOPLIST_FILE = ShortCutIntent/Info.plist;
				LD_RUNPATH_SEARCH_PATHS = (
					"$(inherited)",
					"@executable_path/Frameworks",
					"@executable_path/../../Frameworks",
				);
				PRODUCT_BUNDLE_IDENTIFIER = "com.example..--.ShortCutIntent";
				PRODUCT_NAME = "$(TARGET_NAME)";
				SKIP_INSTALL = YES;
				SWIFT_VERSION = 5.0;
				TARGETED_DEVICE_FAMILY = "1,2";
			};
			name = Release;
		};
		DB99D2A325FA0E7E00166CB2 /* Debug */ = {
			isa = XCBuildConfiguration;
			buildSettings = {
				ALWAYS_SEARCH_USER_PATHS = NO;
				CLANG_ANALYZER_NONNULL = YES;
				CLANG_ANALYZER_NUMBER_OBJECT_CONVERSION = YES_AGGRESSIVE;
				CLANG_CXX_LANGUAGE_STANDARD = "gnu++14";
				CLANG_CXX_LIBRARY = "libc++";
				CLANG_ENABLE_MODULES = YES;
				CLANG_ENABLE_OBJC_ARC = YES;
				CLANG_ENABLE_OBJC_WEAK = YES;
				CLANG_WARN_BLOCK_CAPTURE_AUTORELEASING = YES;
				CLANG_WARN_BOOL_CONVERSION = YES;
				CLANG_WARN_COMMA = YES;
				CLANG_WARN_CONSTANT_CONVERSION = YES;
				CLANG_WARN_DEPRECATED_OBJC_IMPLEMENTATIONS = YES;
				CLANG_WARN_DIRECT_OBJC_ISA_USAGE = YES_ERROR;
				CLANG_WARN_DOCUMENTATION_COMMENTS = YES;
				CLANG_WARN_EMPTY_BODY = YES;
				CLANG_WARN_ENUM_CONVERSION = YES;
				CLANG_WARN_INFINITE_RECURSION = YES;
				CLANG_WARN_INT_CONVERSION = YES;
				CLANG_WARN_NON_LITERAL_NULL_CONVERSION = YES;
				CLANG_WARN_OBJC_IMPLICIT_RETAIN_SELF = YES;
				CLANG_WARN_OBJC_LITERAL_CONVERSION = YES;
				CLANG_WARN_OBJC_ROOT_CLASS = YES_ERROR;
				CLANG_WARN_QUOTED_INCLUDE_IN_FRAMEWORK_HEADER = YES;
				CLANG_WARN_RANGE_LOOP_ANALYSIS = YES;
				CLANG_WARN_STRICT_PROTOTYPES = YES;
				CLANG_WARN_SUSPICIOUS_MOVE = YES;
				CLANG_WARN_UNGUARDED_AVAILABILITY = YES_AGGRESSIVE;
				CLANG_WARN_UNREACHABLE_CODE = YES;
				CLANG_WARN__DUPLICATE_METHOD_MATCH = YES;
				COPY_PHASE_STRIP = NO;
				DEBUG_INFORMATION_FORMAT = dwarf;
				ENABLE_STRICT_OBJC_MSGSEND = YES;
				ENABLE_TESTABILITY = YES;
				GCC_C_LANGUAGE_STANDARD = gnu11;
				GCC_DYNAMIC_NO_PIC = NO;
				GCC_NO_COMMON_BLOCKS = YES;
				GCC_OPTIMIZATION_LEVEL = 0;
				GCC_PREPROCESSOR_DEFINITIONS = (
					"DEBUG=1",
					"$(inherited)",
				);
				GCC_WARN_64_TO_32_BIT_CONVERSION = YES;
				GCC_WARN_ABOUT_RETURN_TYPE = YES_ERROR;
				GCC_WARN_UNDECLARED_SELECTOR = YES;
				GCC_WARN_UNINITIALIZED_AUTOS = YES_AGGRESSIVE;
				GCC_WARN_UNUSED_FUNCTION = YES;
				GCC_WARN_UNUSED_VARIABLE = YES;
				IPHONEOS_DEPLOYMENT_TARGET = 14.4;
				MTL_ENABLE_DEBUG_INFO = INCLUDE_SOURCE;
				MTL_FAST_MATH = YES;
				ONLY_ACTIVE_ARCH = YES;
				SDKROOT = iphoneos;
				SWIFT_ACTIVE_COMPILATION_CONDITIONS = DEBUG;
				SWIFT_OPTIMIZATION_LEVEL = "-Onone";
			};
			name = Debug;
		};
		DB99D2A425FA0E7E00166CB2 /* Release */ = {
			isa = XCBuildConfiguration;
			buildSettings = {
				ALWAYS_SEARCH_USER_PATHS = NO;
				CLANG_ANALYZER_NONNULL = YES;
				CLANG_ANALYZER_NUMBER_OBJECT_CONVERSION = YES_AGGRESSIVE;
				CLANG_CXX_LANGUAGE_STANDARD = "gnu++14";
				CLANG_CXX_LIBRARY = "libc++";
				CLANG_ENABLE_MODULES = YES;
				CLANG_ENABLE_OBJC_ARC = YES;
				CLANG_ENABLE_OBJC_WEAK = YES;
				CLANG_WARN_BLOCK_CAPTURE_AUTORELEASING = YES;
				CLANG_WARN_BOOL_CONVERSION = YES;
				CLANG_WARN_COMMA = YES;
				CLANG_WARN_CONSTANT_CONVERSION = YES;
				CLANG_WARN_DEPRECATED_OBJC_IMPLEMENTATIONS = YES;
				CLANG_WARN_DIRECT_OBJC_ISA_USAGE = YES_ERROR;
				CLANG_WARN_DOCUMENTATION_COMMENTS = YES;
				CLANG_WARN_EMPTY_BODY = YES;
				CLANG_WARN_ENUM_CONVERSION = YES;
				CLANG_WARN_INFINITE_RECURSION = YES;
				CLANG_WARN_INT_CONVERSION = YES;
				CLANG_WARN_NON_LITERAL_NULL_CONVERSION = YES;
				CLANG_WARN_OBJC_IMPLICIT_RETAIN_SELF = YES;
				CLANG_WARN_OBJC_LITERAL_CONVERSION = YES;
				CLANG_WARN_OBJC_ROOT_CLASS = YES_ERROR;
				CLANG_WARN_QUOTED_INCLUDE_IN_FRAMEWORK_HEADER = YES;
				CLANG_WARN_RANGE_LOOP_ANALYSIS = YES;
				CLANG_WARN_STRICT_PROTOTYPES = YES;
				CLANG_WARN_SUSPICIOUS_MOVE = YES;
				CLANG_WARN_UNGUARDED_AVAILABILITY = YES_AGGRESSIVE;
				CLANG_WARN_UNREACHABLE_CODE = YES;
				CLANG_WARN__DUPLICATE_METHOD_MATCH = YES;
				COPY_PHASE_STRIP = NO;
				DEBUG_INFORMATION_FORMAT = "dwarf-with-dsym";
				ENABLE_NS_ASSERTIONS = NO;
				ENABLE_STRICT_OBJC_MSGSEND = YES;
				GCC_C_LANGUAGE_STANDARD = gnu11;
				GCC_NO_COMMON_BLOCKS = YES;
				GCC_WARN_64_TO_32_BIT_CONVERSION = YES;
				GCC_WARN_ABOUT_RETURN_TYPE = YES_ERROR;
				GCC_WARN_UNDECLARED_SELECTOR = YES;
				GCC_WARN_UNINITIALIZED_AUTOS = YES_AGGRESSIVE;
				GCC_WARN_UNUSED_FUNCTION = YES;
				GCC_WARN_UNUSED_VARIABLE = YES;
				IPHONEOS_DEPLOYMENT_TARGET = 14.4;
				MTL_ENABLE_DEBUG_INFO = NO;
				MTL_FAST_MATH = YES;
				SDKROOT = iphoneos;
				SWIFT_COMPILATION_MODE = wholemodule;
				SWIFT_OPTIMIZATION_LEVEL = "-O";
				VALIDATE_PRODUCT = YES;
			};
			name = Release;
		};
		DB99D2A625FA0E7E00166CB2 /* Debug */ = {
			isa = XCBuildConfiguration;
			buildSettings = {
				ALWAYS_EMBED_SWIFT_STANDARD_LIBRARIES = YES;
				ASSETCATALOG_COMPILER_APPICON_NAME = AppIcon;
				ASSETCATALOG_COMPILER_GLOBAL_ACCENT_COLOR_NAME = AccentColor;
				CODE_SIGN_ENTITLEMENTS = "弟弟/弟弟.entitlements";
				CODE_SIGN_STYLE = Automatic;
				DEVELOPMENT_ASSET_PATHS = "\"弟弟/Preview Content\"";
				DEVELOPMENT_TEAM = LA7MQSPPX7;
				ENABLE_PREVIEWS = YES;
				INFOPLIST_FILE = "弟弟/Info.plist";
				IPHONEOS_DEPLOYMENT_TARGET = 14.0;
				LD_RUNPATH_SEARCH_PATHS = (
					"$(inherited)",
					"@executable_path/Frameworks",
				);
				PRODUCT_BUNDLE_IDENTIFIER = "com.example..--";
				PRODUCT_NAME = "$(TARGET_NAME)";
				SWIFT_VERSION = 5.0;
				TARGETED_DEVICE_FAMILY = "1,2";
			};
			name = Debug;
		};
		DB99D2A725FA0E7E00166CB2 /* Release */ = {
			isa = XCBuildConfiguration;
			buildSettings = {
				ALWAYS_EMBED_SWIFT_STANDARD_LIBRARIES = YES;
				ASSETCATALOG_COMPILER_APPICON_NAME = AppIcon;
				ASSETCATALOG_COMPILER_GLOBAL_ACCENT_COLOR_NAME = AccentColor;
				CODE_SIGN_ENTITLEMENTS = "弟弟/弟弟.entitlements";
				CODE_SIGN_STYLE = Automatic;
				DEVELOPMENT_ASSET_PATHS = "\"弟弟/Preview Content\"";
				DEVELOPMENT_TEAM = LA7MQSPPX7;
				ENABLE_PREVIEWS = YES;
				INFOPLIST_FILE = "弟弟/Info.plist";
				IPHONEOS_DEPLOYMENT_TARGET = 14.0;
				LD_RUNPATH_SEARCH_PATHS = (
					"$(inherited)",
					"@executable_path/Frameworks",
				);
				PRODUCT_BUNDLE_IDENTIFIER = "com.example..--";
				PRODUCT_NAME = "$(TARGET_NAME)";
				SWIFT_VERSION = 5.0;
				TARGETED_DEVICE_FAMILY = "1,2";
			};
			name = Release;
		};
/* End XCBuildConfiguration section */

/* Begin XCConfigurationList section */
		DB71D1882605FB6E001540BE /* Build configuration list for PBXNativeTarget "ShortCutIntentUI" */ = {
			isa = XCConfigurationList;
			buildConfigurations = (
				DB71D1892605FB6E001540BE /* Debug */,
				DB71D18A2605FB6E001540BE /* Release */,
			);
			defaultConfigurationIsVisible = 0;
			defaultConfigurationName = Release;
		};
		DB71D18B2605FB6E001540BE /* Build configuration list for PBXNativeTarget "ShortCutIntent" */ = {
			isa = XCConfigurationList;
			buildConfigurations = (
				DB71D18C2605FB6E001540BE /* Debug */,
				DB71D18D2605FB6E001540BE /* Release */,
			);
			defaultConfigurationIsVisible = 0;
			defaultConfigurationName = Release;
		};
		DB99D29125FA0E7C00166CB2 /* Build configuration list for PBXProject "弟弟" */ = {
			isa = XCConfigurationList;
			buildConfigurations = (
				DB99D2A325FA0E7E00166CB2 /* Debug */,
				DB99D2A425FA0E7E00166CB2 /* Release */,
			);
			defaultConfigurationIsVisible = 0;
			defaultConfigurationName = Release;
		};
		DB99D2A525FA0E7E00166CB2 /* Build configuration list for PBXNativeTarget "弟弟" */ = {
			isa = XCConfigurationList;
			buildConfigurations = (
				DB99D2A625FA0E7E00166CB2 /* Debug */,
				DB99D2A725FA0E7E00166CB2 /* Release */,
			);
			defaultConfigurationIsVisible = 0;
			defaultConfigurationName = Release;
		};
/* End XCConfigurationList section */
	};
	rootObject = DB99D28E25FA0E7C00166CB2 /* Project object */;
}
